
Microsoft Visual Studio Solution File, Format Version 12.00
# Visual Studio Version 17
VisualStudioVersion = 17.13.35931.197 d17.13
MinimumVisualStudioVersion = 10.0.40219.1
Project("{FAE04EC0-301F-11D3-BF4B-00C04F79EFBC}") = "NotHesaplamaVeSinifRaporlama_NYP", "NotHesaplamaVeSinifRaporlama_NYP\NotHesaplamaVeSinifRaporlama_NYP.csproj", "{F64125DC-E2A4-4362-94D9-859B83DC5FD0}"
EndProject
Global
	GlobalSection(SolutionConfigurationPlatforms) = preSolution
		Debug|Any CPU = Debug|Any CPU
		Release|Any CPU = Release|Any CPU
	EndGlobalSection
	GlobalSection(ProjectConfigurationPlatforms) = postSolution
		{F64125DC-E2A4-4362-94D9-859B83DC5FD0}.Debug|Any CPU.ActiveCfg = Debug|Any CPU
		{F64125DC-E2A4-4362-94D9-859B83DC5FD0}.Debug|Any CPU.Build.0 = Debug|Any CPU
		{F64125DC-E2A4-4362-94D9-859B83DC5FD0}.Release|Any CPU.ActiveCfg = Release|Any CPU
		{F64125DC-E2A4-4362-94D9-859B83DC5FD0}.Release|Any CPU.Build.0 = Release|Any CPU
	EndGlobalSection
	GlobalSection(SolutionProperties) = preSolution
		HideSolutionNode = FALSE
	EndGlobalSection
	GlobalSection(ExtensibilityGlobals) = postSolution
		SolutionGuid = {9DFBC5E3-B26E-4432-BE0F-78D6839F58AC}
	EndGlobalSection
EndGlobal
